
Microsoft Visual Studio Solution File, Format Version 12.00
# Visual Studio Version 17
VisualStudioVersion = 17.5.33530.505
MinimumVisualStudioVersion = 10.0.40219.1
Project("{9A19103F-16F7-4668-BE54-9A1E7A4F7556}") = "taskA", "taskA\taskA.csproj", "{1F8B4403-D93D-43D4-94F0-41C30C593A8A}"
EndProject
Project("{9A19103F-16F7-4668-BE54-9A1E7A4F7556}") = "taskB", "taskB\taskB.csproj", "{EF7AF47F-D6FB-4655-8FD3-00CFCA302665}"
EndProject
Project("{9A19103F-16F7-4668-BE54-9A1E7A4F7556}") = "taskC", "taskC\taskC.csproj", "{16102046-74D8-4BC6-8B59-3E1C9D24D90E}"
EndProject
Project("{9A19103F-16F7-4668-BE54-9A1E7A4F7556}") = "taskD", "taskD\taskD.csproj", "{C65EA74D-F101-499E-BE9C-D7077F7D08CC}"
EndProject
Project("{FAE04EC0-301F-11D3-BF4B-00C04F79EFBC}") = "taskE", "taskE\taskE.csproj", "{2D1FF93E-3471-4AF8-B7AF-0D4D37AB70DC}"
EndProject
Global
	GlobalSection(SolutionConfigurationPlatforms) = preSolution
		Debug|Any CPU = Debug|Any CPU
		Release|Any CPU = Release|Any CPU
	EndGlobalSection
	GlobalSection(ProjectConfigurationPlatforms) = postSolution
		{1F8B4403-D93D-43D4-94F0-41C30C593A8A}.Debug|Any CPU.ActiveCfg = Debug|Any CPU
		{1F8B4403-D93D-43D4-94F0-41C30C593A8A}.Debug|Any CPU.Build.0 = Debug|Any CPU
		{1F8B4403-D93D-43D4-94F0-41C30C593A8A}.Release|Any CPU.ActiveCfg = Release|Any CPU
		{1F8B4403-D93D-43D4-94F0-41C30C593A8A}.Release|Any CPU.Build.0 = Release|Any CPU
		{EF7AF47F-D6FB-4655-8FD3-00CFCA302665}.Debug|Any CPU.ActiveCfg = Debug|Any CPU
		{EF7AF47F-D6FB-4655-8FD3-00CFCA302665}.Debug|Any CPU.Build.0 = Debug|Any CPU
		{EF7AF47F-D6FB-4655-8FD3-00CFCA302665}.Release|Any CPU.ActiveCfg = Release|Any CPU
		{EF7AF47F-D6FB-4655-8FD3-00CFCA302665}.Release|Any CPU.Build.0 = Release|Any CPU
		{16102046-74D8-4BC6-8B59-3E1C9D24D90E}.Debug|Any CPU.ActiveCfg = Debug|Any CPU
		{16102046-74D8-4BC6-8B59-3E1C9D24D90E}.Debug|Any CPU.Build.0 = Debug|Any CPU
		{16102046-74D8-4BC6-8B59-3E1C9D24D90E}.Release|Any CPU.ActiveCfg = Release|Any CPU
		{16102046-74D8-4BC6-8B59-3E1C9D24D90E}.Release|Any CPU.Build.0 = Release|Any CPU
		{C65EA74D-F101-499E-BE9C-D7077F7D08CC}.Debug|Any CPU.ActiveCfg = Debug|Any CPU
		{C65EA74D-F101-499E-BE9C-D7077F7D08CC}.Debug|Any CPU.Build.0 = Debug|Any CPU
		{C65EA74D-F101-499E-BE9C-D7077F7D08CC}.Release|Any CPU.ActiveCfg = Release|Any CPU
		{C65EA74D-F101-499E-BE9C-D7077F7D08CC}.Release|Any CPU.Build.0 = Release|Any CPU
		{2D1FF93E-3471-4AF8-B7AF-0D4D37AB70DC}.Debug|Any CPU.ActiveCfg = Debug|Any CPU
		{2D1FF93E-3471-4AF8-B7AF-0D4D37AB70DC}.Debug|Any CPU.Build.0 = Debug|Any CPU
		{2D1FF93E-3471-4AF8-B7AF-0D4D37AB70DC}.Release|Any CPU.ActiveCfg = Release|Any CPU
		{2D1FF93E-3471-4AF8-B7AF-0D4D37AB70DC}.Release|Any CPU.Build.0 = Release|Any CPU
	EndGlobalSection
	GlobalSection(SolutionProperties) = preSolution
		HideSolutionNode = FALSE
	EndGlobalSection
	GlobalSection(ExtensibilityGlobals) = postSolution
		SolutionGuid = {9C7ED1EB-FBD8-4F7B-80BF-EB95ED409AAC}
	EndGlobalSection
EndGlobal
